// !$*UTF8*$!
{
	archiveVersion = 1;
	classes = {
	};
	objectVersion = 56;
	objects = {

/* Begin PBXBuildFile section */
		BC2C15C629BF3A3B0006057E /* SearchViewController.swift in Sources */ = {isa = PBXBuildFile; fileRef = BC2C15C429BF3A3B0006057E /* SearchViewController.swift */; };
		BC2C15C729BF3A3B0006057E /* SearchViewController.xib in Resources */ = {isa = PBXBuildFile; fileRef = BC2C15C529BF3A3B0006057E /* SearchViewController.xib */; };
		BC2C15CB29BF47370006057E /* SearchUseCase.swift in Sources */ = {isa = PBXBuildFile; fileRef = BC2C15CA29BF47370006057E /* SearchUseCase.swift */; };
		BC2C15CE29BF4B9C0006057E /* SearchViewModel.swift in Sources */ = {isa = PBXBuildFile; fileRef = BC2C15CD29BF4B9C0006057E /* SearchViewModel.swift */; };
		BC5AB7E029C054EF00C5D598 /* UpcomingTableViewCell.swift in Sources */ = {isa = PBXBuildFile; fileRef = BC5AB7DE29C054EF00C5D598 /* UpcomingTableViewCell.swift */; };
		BC5AB7E129C054EF00C5D598 /* UpcomingTableViewCell.xib in Resources */ = {isa = PBXBuildFile; fileRef = BC5AB7DF29C054EF00C5D598 /* UpcomingTableViewCell.xib */; };
		BC5AB7E429C05AC500C5D598 /* UpcomingUseCase.swift in Sources */ = {isa = PBXBuildFile; fileRef = BC5AB7E329C05AC500C5D598 /* UpcomingUseCase.swift */; };
		BC5AB7E629C05B2E00C5D598 /* UpcomingViewModel.swift in Sources */ = {isa = PBXBuildFile; fileRef = BC5AB7E529C05B2E00C5D598 /* UpcomingViewModel.swift */; };
		BC6FE9C929C190AA00E8F7D8 /* CollectionExtension.swift in Sources */ = {isa = PBXBuildFile; fileRef = BC6FE9C829C190AA00E8F7D8 /* CollectionExtension.swift */; };
		BC6FE9CB29C190B700E8F7D8 /* UICollectionViewExtension.swift in Sources */ = {isa = PBXBuildFile; fileRef = BC6FE9CA29C190B700E8F7D8 /* UICollectionViewExtension.swift */; };
		BC6FE9CD29C190C700E8F7D8 /* UIImageViewExtension.swift in Sources */ = {isa = PBXBuildFile; fileRef = BC6FE9CC29C190C700E8F7D8 /* UIImageViewExtension.swift */; };
		BC6FE9CF29C190D100E8F7D8 /* UIIViewExtension.swift in Sources */ = {isa = PBXBuildFile; fileRef = BC6FE9CE29C190D100E8F7D8 /* UIIViewExtension.swift */; };
		BC6FE9D129C190DC00E8F7D8 /* UIViewControllerExtension.swift in Sources */ = {isa = PBXBuildFile; fileRef = BC6FE9D029C190DC00E8F7D8 /* UIViewControllerExtension.swift */; };
		BC6FE9D329C1A4F700E8F7D8 /* Credits.swift in Sources */ = {isa = PBXBuildFile; fileRef = BC6FE9D229C1A4F700E8F7D8 /* Credits.swift */; };
		BC6FE9D729C1A85A00E8F7D8 /* CastCollectionViewCell.swift in Sources */ = {isa = PBXBuildFile; fileRef = BC6FE9D529C1A85A00E8F7D8 /* CastCollectionViewCell.swift */; };
		BC6FE9D829C1A85A00E8F7D8 /* CastCollectionViewCell.xib in Resources */ = {isa = PBXBuildFile; fileRef = BC6FE9D629C1A85A00E8F7D8 /* CastCollectionViewCell.xib */; };
		BC73F88229BF3471002C5FE7 /* Toast.swift in Sources */ = {isa = PBXBuildFile; fileRef = BC73F88129BF3471002C5FE7 /* Toast.swift */; };
		BC79A53A29BB231C00A76CC4 /* TabBarViewController.swift in Sources */ = {isa = PBXBuildFile; fileRef = BC79A53929BB231C00A76CC4 /* TabBarViewController.swift */; };
		BC79A53D29BB23AC00A76CC4 /* DashboardViewController.swift in Sources */ = {isa = PBXBuildFile; fileRef = BC79A53B29BB23AC00A76CC4 /* DashboardViewController.swift */; };
		BC79A53E29BB23AC00A76CC4 /* DashboardViewController.xib in Resources */ = {isa = PBXBuildFile; fileRef = BC79A53C29BB23AC00A76CC4 /* DashboardViewController.xib */; };
		BC79A54229BB23DD00A76CC4 /* UpcomingViewController.swift in Sources */ = {isa = PBXBuildFile; fileRef = BC79A54029BB23DD00A76CC4 /* UpcomingViewController.swift */; };
		BC79A54329BB23DD00A76CC4 /* UpcomingViewController.xib in Resources */ = {isa = PBXBuildFile; fileRef = BC79A54129BB23DD00A76CC4 /* UpcomingViewController.xib */; };
		BC79A54729BB245F00A76CC4 /* MyMovieViewController.swift in Sources */ = {isa = PBXBuildFile; fileRef = BC79A54529BB245F00A76CC4 /* MyMovieViewController.swift */; };
		BC79A54829BB245F00A76CC4 /* MyMovieViewController.xib in Resources */ = {isa = PBXBuildFile; fileRef = BC79A54629BB245F00A76CC4 /* MyMovieViewController.xib */; };
		BC79A55529BB411400A76CC4 /* NowPlayingCollectionViewCell.swift in Sources */ = {isa = PBXBuildFile; fileRef = BC79A55329BB411400A76CC4 /* NowPlayingCollectionViewCell.swift */; };
		BC79A55629BB411400A76CC4 /* NowPlayingCollectionViewCell.xib in Resources */ = {isa = PBXBuildFile; fileRef = BC79A55429BB411400A76CC4 /* NowPlayingCollectionViewCell.xib */; };
		BC79A55A29BB591B00A76CC4 /* CardMovieCollectionViewCell.swift in Sources */ = {isa = PBXBuildFile; fileRef = BC79A55829BB591B00A76CC4 /* CardMovieCollectionViewCell.swift */; };
		BC79A55B29BB591B00A76CC4 /* CardMovieCollectionViewCell.xib in Resources */ = {isa = PBXBuildFile; fileRef = BC79A55929BB591B00A76CC4 /* CardMovieCollectionViewCell.xib */; };
		BC79A55E29BB5E6300A76CC4 /* Alamofire in Frameworks */ = {isa = PBXBuildFile; productRef = BC79A55D29BB5E6300A76CC4 /* Alamofire */; };
		BC79A56129BB5E7900A76CC4 /* Kingfisher in Frameworks */ = {isa = PBXBuildFile; productRef = BC79A56029BB5E7900A76CC4 /* Kingfisher */; };
		BC79A56429BB5E8700A76CC4 /* netfox in Frameworks */ = {isa = PBXBuildFile; productRef = BC79A56329BB5E8700A76CC4 /* netfox */; };
		BC79A56729BB5EAB00A76CC4 /* RxCocoa in Frameworks */ = {isa = PBXBuildFile; productRef = BC79A56629BB5EAB00A76CC4 /* RxCocoa */; };
		BC79A56929BB5EAB00A76CC4 /* RxSwift in Frameworks */ = {isa = PBXBuildFile; productRef = BC79A56829BB5EAB00A76CC4 /* RxSwift */; };
		BC89442429BB1F6400468B97 /* AppDelegate.swift in Sources */ = {isa = PBXBuildFile; fileRef = BC89442329BB1F6400468B97 /* AppDelegate.swift */; };
		BC89442629BB1F6400468B97 /* SceneDelegate.swift in Sources */ = {isa = PBXBuildFile; fileRef = BC89442529BB1F6400468B97 /* SceneDelegate.swift */; };
		BC89442E29BB1F6400468B97 /* pinflix.xcdatamodeld in Sources */ = {isa = PBXBuildFile; fileRef = BC89442C29BB1F6400468B97 /* pinflix.xcdatamodeld */; };
		BC89443029BB1F6500468B97 /* Assets.xcassets in Resources */ = {isa = PBXBuildFile; fileRef = BC89442F29BB1F6500468B97 /* Assets.xcassets */; };
		BC89443329BB1F6500468B97 /* LaunchScreen.storyboard in Resources */ = {isa = PBXBuildFile; fileRef = BC89443129BB1F6500468B97 /* LaunchScreen.storyboard */; };
		BC89443E29BB1F6500468B97 /* pinflixTests.swift in Sources */ = {isa = PBXBuildFile; fileRef = BC89443D29BB1F6500468B97 /* pinflixTests.swift */; };
		BC89444829BB1F6600468B97 /* pinflixUITests.swift in Sources */ = {isa = PBXBuildFile; fileRef = BC89444729BB1F6600468B97 /* pinflixUITests.swift */; };
		BC89444A29BB1F6600468B97 /* pinflixUITestsLaunchTests.swift in Sources */ = {isa = PBXBuildFile; fileRef = BC89444929BB1F6600468B97 /* pinflixUITestsLaunchTests.swift */; };
		BC8E636329BF2054004274D4 /* DetailViewController.swift in Sources */ = {isa = PBXBuildFile; fileRef = BC8E636129BF2054004274D4 /* DetailViewController.swift */; };
		BC8E636429BF2054004274D4 /* DetailViewController.xib in Resources */ = {isa = PBXBuildFile; fileRef = BC8E636229BF2054004274D4 /* DetailViewController.xib */; };
		BC8E636629BF256E004274D4 /* DetailUseCase.swift in Sources */ = {isa = PBXBuildFile; fileRef = BC8E636529BF256E004274D4 /* DetailUseCase.swift */; };
		BC8E636929BF25D4004274D4 /* DetailViewModel.swift in Sources */ = {isa = PBXBuildFile; fileRef = BC8E636829BF25D4004274D4 /* DetailViewModel.swift */; };
		BC94EF0029C1DA9D001113BD /* ReviewsCollectionViewCell.swift in Sources */ = {isa = PBXBuildFile; fileRef = BC94EEFE29C1DA9D001113BD /* ReviewsCollectionViewCell.swift */; };
		BC94EF0129C1DA9D001113BD /* ReviewsCollectionViewCell.xib in Resources */ = {isa = PBXBuildFile; fileRef = BC94EEFF29C1DA9D001113BD /* ReviewsCollectionViewCell.xib */; };
		BC94EF0329C1E047001113BD /* Reviews.swift in Sources */ = {isa = PBXBuildFile; fileRef = BC94EF0229C1E047001113BD /* Reviews.swift */; };
		BC94EF0529C1E4EA001113BD /* Recommendations.swift in Sources */ = {isa = PBXBuildFile; fileRef = BC94EF0429C1E4EA001113BD /* Recommendations.swift */; };
		BC94EF0729C1ECB9001113BD /* Utils.swift in Sources */ = {isa = PBXBuildFile; fileRef = BC94EF0629C1ECB9001113BD /* Utils.swift */; };
		BCF4595829C2F1CA00215434 /* CustomSegmentedControl.swift in Sources */ = {isa = PBXBuildFile; fileRef = BCF4595729C2F1CA00215434 /* CustomSegmentedControl.swift */; };
		BCF4595C29C2F33200215434 /* VideoViewController.swift in Sources */ = {isa = PBXBuildFile; fileRef = BCF4595A29C2F33200215434 /* VideoViewController.swift */; };
		BCF4595D29C2F33200215434 /* VideoViewController.xib in Resources */ = {isa = PBXBuildFile; fileRef = BCF4595B29C2F33200215434 /* VideoViewController.xib */; };
		BCF4596129C2F34500215434 /* BackdropsViewController.swift in Sources */ = {isa = PBXBuildFile; fileRef = BCF4595F29C2F34500215434 /* BackdropsViewController.swift */; };
		BCF4596229C2F34500215434 /* BackdropsViewController.xib in Resources */ = {isa = PBXBuildFile; fileRef = BCF4596029C2F34500215434 /* BackdropsViewController.xib */; };
		BCF4596629C2F36C00215434 /* PostersViewController.swift in Sources */ = {isa = PBXBuildFile; fileRef = BCF4596429C2F36C00215434 /* PostersViewController.swift */; };
		BCF4596729C2F36C00215434 /* PostersViewController.xib in Resources */ = {isa = PBXBuildFile; fileRef = BCF4596529C2F36C00215434 /* PostersViewController.xib */; };
		BCF4596B29C2F68000215434 /* BackdropCollectionViewCell.swift in Sources */ = {isa = PBXBuildFile; fileRef = BCF4596929C2F68000215434 /* BackdropCollectionViewCell.swift */; };
		BCF4596C29C2F68000215434 /* BackdropCollectionViewCell.xib in Resources */ = {isa = PBXBuildFile; fileRef = BCF4596A29C2F68000215434 /* BackdropCollectionViewCell.xib */; };
		BCF4596F29C2F7E600215434 /* Images.swift in Sources */ = {isa = PBXBuildFile; fileRef = BCF4596E29C2F7E600215434 /* Images.swift */; };
		E116145E29BDAEB500001182 /* TMDB.swift in Sources */ = {isa = PBXBuildFile; fileRef = E116145D29BDAEB500001182 /* TMDB.swift */; };
		E116146029BDB08300001182 /* Movie.swift in Sources */ = {isa = PBXBuildFile; fileRef = E116145F29BDB08300001182 /* Movie.swift */; };
		E116146329BDB92D00001182 /* APIManager.swift in Sources */ = {isa = PBXBuildFile; fileRef = E116146229BDB92D00001182 /* APIManager.swift */; };
		E116146529BDB94C00001182 /* BaseViewModel.swift in Sources */ = {isa = PBXBuildFile; fileRef = E116146429BDB94C00001182 /* BaseViewModel.swift */; };
		E116146929BDB98200001182 /* RemoteDataSource.swift in Sources */ = {isa = PBXBuildFile; fileRef = E116146829BDB98200001182 /* RemoteDataSource.swift */; };
		E116146C29BDBA6E00001182 /* Repository.swift in Sources */ = {isa = PBXBuildFile; fileRef = E116146B29BDBA6E00001182 /* Repository.swift */; };
		E116146F29BDBB7700001182 /* DashboardUseCase.swift in Sources */ = {isa = PBXBuildFile; fileRef = E116146E29BDBB7700001182 /* DashboardUseCase.swift */; };
		E116147229BDBBCE00001182 /* Injection.swift in Sources */ = {isa = PBXBuildFile; fileRef = E116147129BDBBCE00001182 /* Injection.swift */; };
		E116147529BDD0BE00001182 /* DashboardViewModel.swift in Sources */ = {isa = PBXBuildFile; fileRef = E116147429BDD0BE00001182 /* DashboardViewModel.swift */; };
/* End PBXBuildFile section */

/* Begin PBXContainerItemProxy section */
		BC89443A29BB1F6500468B97 /* PBXContainerItemProxy */ = {
			isa = PBXContainerItemProxy;
			containerPortal = BC89441829BB1F6400468B97 /* Project object */;
			proxyType = 1;
			remoteGlobalIDString = BC89441F29BB1F6400468B97;
			remoteInfo = pinflix;
		};
		BC89444429BB1F6600468B97 /* PBXContainerItemProxy */ = {
			isa = PBXContainerItemProxy;
			containerPortal = BC89441829BB1F6400468B97 /* Project object */;
			proxyType = 1;
			remoteGlobalIDString = BC89441F29BB1F6400468B97;
			remoteInfo = pinflix;
		};
/* End PBXContainerItemProxy section */

/* Begin PBXFileReference section */
		BC2C15C429BF3A3B0006057E /* SearchViewController.swift */ = {isa = PBXFileReference; lastKnownFileType = sourcecode.swift; path = SearchViewController.swift; sourceTree = "<group>"; };
		BC2C15C529BF3A3B0006057E /* SearchViewController.xib */ = {isa = PBXFileReference; lastKnownFileType = file.xib; path = SearchViewController.xib; sourceTree = "<group>"; };
		BC2C15CA29BF47370006057E /* SearchUseCase.swift */ = {isa = PBXFileReference; lastKnownFileType = sourcecode.swift; path = SearchUseCase.swift; sourceTree = "<group>"; };
		BC2C15CD29BF4B9C0006057E /* SearchViewModel.swift */ = {isa = PBXFileReference; lastKnownFileType = sourcecode.swift; path = SearchViewModel.swift; sourceTree = "<group>"; };
		BC5AB7DE29C054EF00C5D598 /* UpcomingTableViewCell.swift */ = {isa = PBXFileReference; lastKnownFileType = sourcecode.swift; path = UpcomingTableViewCell.swift; sourceTree = "<group>"; };
		BC5AB7DF29C054EF00C5D598 /* UpcomingTableViewCell.xib */ = {isa = PBXFileReference; lastKnownFileType = file.xib; path = UpcomingTableViewCell.xib; sourceTree = "<group>"; };
		BC5AB7E329C05AC500C5D598 /* UpcomingUseCase.swift */ = {isa = PBXFileReference; lastKnownFileType = sourcecode.swift; path = UpcomingUseCase.swift; sourceTree = "<group>"; };
		BC5AB7E529C05B2E00C5D598 /* UpcomingViewModel.swift */ = {isa = PBXFileReference; lastKnownFileType = sourcecode.swift; path = UpcomingViewModel.swift; sourceTree = "<group>"; };
		BC6FE9C829C190AA00E8F7D8 /* CollectionExtension.swift */ = {isa = PBXFileReference; lastKnownFileType = sourcecode.swift; path = CollectionExtension.swift; sourceTree = "<group>"; };
		BC6FE9CA29C190B700E8F7D8 /* UICollectionViewExtension.swift */ = {isa = PBXFileReference; lastKnownFileType = sourcecode.swift; path = UICollectionViewExtension.swift; sourceTree = "<group>"; };
		BC6FE9CC29C190C700E8F7D8 /* UIImageViewExtension.swift */ = {isa = PBXFileReference; lastKnownFileType = sourcecode.swift; path = UIImageViewExtension.swift; sourceTree = "<group>"; };
		BC6FE9CE29C190D100E8F7D8 /* UIIViewExtension.swift */ = {isa = PBXFileReference; lastKnownFileType = sourcecode.swift; path = UIIViewExtension.swift; sourceTree = "<group>"; };
		BC6FE9D029C190DC00E8F7D8 /* UIViewControllerExtension.swift */ = {isa = PBXFileReference; lastKnownFileType = sourcecode.swift; path = UIViewControllerExtension.swift; sourceTree = "<group>"; };
		BC6FE9D229C1A4F700E8F7D8 /* Credits.swift */ = {isa = PBXFileReference; lastKnownFileType = sourcecode.swift; path = Credits.swift; sourceTree = "<group>"; };
		BC6FE9D529C1A85A00E8F7D8 /* CastCollectionViewCell.swift */ = {isa = PBXFileReference; lastKnownFileType = sourcecode.swift; path = CastCollectionViewCell.swift; sourceTree = "<group>"; };
		BC6FE9D629C1A85A00E8F7D8 /* CastCollectionViewCell.xib */ = {isa = PBXFileReference; lastKnownFileType = file.xib; path = CastCollectionViewCell.xib; sourceTree = "<group>"; };
		BC73F88129BF3471002C5FE7 /* Toast.swift */ = {isa = PBXFileReference; lastKnownFileType = sourcecode.swift; path = Toast.swift; sourceTree = "<group>"; };
		BC79A53929BB231C00A76CC4 /* TabBarViewController.swift */ = {isa = PBXFileReference; lastKnownFileType = sourcecode.swift; path = TabBarViewController.swift; sourceTree = "<group>"; };
		BC79A53B29BB23AC00A76CC4 /* DashboardViewController.swift */ = {isa = PBXFileReference; lastKnownFileType = sourcecode.swift; path = DashboardViewController.swift; sourceTree = "<group>"; };
		BC79A53C29BB23AC00A76CC4 /* DashboardViewController.xib */ = {isa = PBXFileReference; lastKnownFileType = file.xib; path = DashboardViewController.xib; sourceTree = "<group>"; };
		BC79A54029BB23DD00A76CC4 /* UpcomingViewController.swift */ = {isa = PBXFileReference; lastKnownFileType = sourcecode.swift; path = UpcomingViewController.swift; sourceTree = "<group>"; };
		BC79A54129BB23DD00A76CC4 /* UpcomingViewController.xib */ = {isa = PBXFileReference; lastKnownFileType = file.xib; path = UpcomingViewController.xib; sourceTree = "<group>"; };
		BC79A54529BB245F00A76CC4 /* MyMovieViewController.swift */ = {isa = PBXFileReference; lastKnownFileType = sourcecode.swift; path = MyMovieViewController.swift; sourceTree = "<group>"; };
		BC79A54629BB245F00A76CC4 /* MyMovieViewController.xib */ = {isa = PBXFileReference; lastKnownFileType = file.xib; path = MyMovieViewController.xib; sourceTree = "<group>"; };
		BC79A55329BB411400A76CC4 /* NowPlayingCollectionViewCell.swift */ = {isa = PBXFileReference; lastKnownFileType = sourcecode.swift; path = NowPlayingCollectionViewCell.swift; sourceTree = "<group>"; };
		BC79A55429BB411400A76CC4 /* NowPlayingCollectionViewCell.xib */ = {isa = PBXFileReference; lastKnownFileType = file.xib; path = NowPlayingCollectionViewCell.xib; sourceTree = "<group>"; };
		BC79A55829BB591B00A76CC4 /* CardMovieCollectionViewCell.swift */ = {isa = PBXFileReference; lastKnownFileType = sourcecode.swift; path = CardMovieCollectionViewCell.swift; sourceTree = "<group>"; };
		BC79A55929BB591B00A76CC4 /* CardMovieCollectionViewCell.xib */ = {isa = PBXFileReference; lastKnownFileType = file.xib; path = CardMovieCollectionViewCell.xib; sourceTree = "<group>"; };
		BC89442029BB1F6400468B97 /* pinflix.app */ = {isa = PBXFileReference; explicitFileType = wrapper.application; includeInIndex = 0; path = pinflix.app; sourceTree = BUILT_PRODUCTS_DIR; };
		BC89442329BB1F6400468B97 /* AppDelegate.swift */ = {isa = PBXFileReference; lastKnownFileType = sourcecode.swift; path = AppDelegate.swift; sourceTree = "<group>"; };
		BC89442529BB1F6400468B97 /* SceneDelegate.swift */ = {isa = PBXFileReference; lastKnownFileType = sourcecode.swift; path = SceneDelegate.swift; sourceTree = "<group>"; };
		BC89442D29BB1F6400468B97 /* pinflix.xcdatamodel */ = {isa = PBXFileReference; lastKnownFileType = wrapper.xcdatamodel; path = pinflix.xcdatamodel; sourceTree = "<group>"; };
		BC89442F29BB1F6500468B97 /* Assets.xcassets */ = {isa = PBXFileReference; lastKnownFileType = folder.assetcatalog; path = Assets.xcassets; sourceTree = "<group>"; };
		BC89443229BB1F6500468B97 /* Base */ = {isa = PBXFileReference; lastKnownFileType = file.storyboard; name = Base; path = Base.lproj/LaunchScreen.storyboard; sourceTree = "<group>"; };
		BC89443429BB1F6500468B97 /* Info.plist */ = {isa = PBXFileReference; lastKnownFileType = text.plist.xml; path = Info.plist; sourceTree = "<group>"; };
		BC89443929BB1F6500468B97 /* pinflixTests.xctest */ = {isa = PBXFileReference; explicitFileType = wrapper.cfbundle; includeInIndex = 0; path = pinflixTests.xctest; sourceTree = BUILT_PRODUCTS_DIR; };
		BC89443D29BB1F6500468B97 /* pinflixTests.swift */ = {isa = PBXFileReference; lastKnownFileType = sourcecode.swift; path = pinflixTests.swift; sourceTree = "<group>"; };
		BC89444329BB1F6600468B97 /* pinflixUITests.xctest */ = {isa = PBXFileReference; explicitFileType = wrapper.cfbundle; includeInIndex = 0; path = pinflixUITests.xctest; sourceTree = BUILT_PRODUCTS_DIR; };
		BC89444729BB1F6600468B97 /* pinflixUITests.swift */ = {isa = PBXFileReference; lastKnownFileType = sourcecode.swift; path = pinflixUITests.swift; sourceTree = "<group>"; };
		BC89444929BB1F6600468B97 /* pinflixUITestsLaunchTests.swift */ = {isa = PBXFileReference; lastKnownFileType = sourcecode.swift; path = pinflixUITestsLaunchTests.swift; sourceTree = "<group>"; };
		BC8E636129BF2054004274D4 /* DetailViewController.swift */ = {isa = PBXFileReference; lastKnownFileType = sourcecode.swift; path = DetailViewController.swift; sourceTree = "<group>"; };
		BC8E636229BF2054004274D4 /* DetailViewController.xib */ = {isa = PBXFileReference; lastKnownFileType = file.xib; path = DetailViewController.xib; sourceTree = "<group>"; };
		BC8E636529BF256E004274D4 /* DetailUseCase.swift */ = {isa = PBXFileReference; lastKnownFileType = sourcecode.swift; path = DetailUseCase.swift; sourceTree = "<group>"; };
		BC8E636829BF25D4004274D4 /* DetailViewModel.swift */ = {isa = PBXFileReference; lastKnownFileType = sourcecode.swift; path = DetailViewModel.swift; sourceTree = "<group>"; };
		BC94EEFE29C1DA9D001113BD /* ReviewsCollectionViewCell.swift */ = {isa = PBXFileReference; lastKnownFileType = sourcecode.swift; path = ReviewsCollectionViewCell.swift; sourceTree = "<group>"; };
		BC94EEFF29C1DA9D001113BD /* ReviewsCollectionViewCell.xib */ = {isa = PBXFileReference; lastKnownFileType = file.xib; path = ReviewsCollectionViewCell.xib; sourceTree = "<group>"; };
		BC94EF0229C1E047001113BD /* Reviews.swift */ = {isa = PBXFileReference; lastKnownFileType = sourcecode.swift; path = Reviews.swift; sourceTree = "<group>"; };
		BC94EF0429C1E4EA001113BD /* Recommendations.swift */ = {isa = PBXFileReference; lastKnownFileType = sourcecode.swift; path = Recommendations.swift; sourceTree = "<group>"; };
		BC94EF0629C1ECB9001113BD /* Utils.swift */ = {isa = PBXFileReference; lastKnownFileType = sourcecode.swift; path = Utils.swift; sourceTree = "<group>"; };
		BCF4595729C2F1CA00215434 /* CustomSegmentedControl.swift */ = {isa = PBXFileReference; lastKnownFileType = sourcecode.swift; path = CustomSegmentedControl.swift; sourceTree = "<group>"; };
		BCF4595A29C2F33200215434 /* VideoViewController.swift */ = {isa = PBXFileReference; lastKnownFileType = sourcecode.swift; path = VideoViewController.swift; sourceTree = "<group>"; };
		BCF4595B29C2F33200215434 /* VideoViewController.xib */ = {isa = PBXFileReference; lastKnownFileType = file.xib; path = VideoViewController.xib; sourceTree = "<group>"; };
		BCF4595F29C2F34500215434 /* BackdropsViewController.swift */ = {isa = PBXFileReference; lastKnownFileType = sourcecode.swift; path = BackdropsViewController.swift; sourceTree = "<group>"; };
		BCF4596029C2F34500215434 /* BackdropsViewController.xib */ = {isa = PBXFileReference; lastKnownFileType = file.xib; path = BackdropsViewController.xib; sourceTree = "<group>"; };
		BCF4596429C2F36C00215434 /* PostersViewController.swift */ = {isa = PBXFileReference; lastKnownFileType = sourcecode.swift; path = PostersViewController.swift; sourceTree = "<group>"; };
		BCF4596529C2F36C00215434 /* PostersViewController.xib */ = {isa = PBXFileReference; lastKnownFileType = file.xib; path = PostersViewController.xib; sourceTree = "<group>"; };
		BCF4596929C2F68000215434 /* BackdropCollectionViewCell.swift */ = {isa = PBXFileReference; lastKnownFileType = sourcecode.swift; path = BackdropCollectionViewCell.swift; sourceTree = "<group>"; };
		BCF4596A29C2F68000215434 /* BackdropCollectionViewCell.xib */ = {isa = PBXFileReference; lastKnownFileType = file.xib; path = BackdropCollectionViewCell.xib; sourceTree = "<group>"; };
		BCF4596E29C2F7E600215434 /* Images.swift */ = {isa = PBXFileReference; lastKnownFileType = sourcecode.swift; path = Images.swift; sourceTree = "<group>"; };
		E116145D29BDAEB500001182 /* TMDB.swift */ = {isa = PBXFileReference; lastKnownFileType = sourcecode.swift; path = TMDB.swift; sourceTree = "<group>"; };
		E116145F29BDB08300001182 /* Movie.swift */ = {isa = PBXFileReference; lastKnownFileType = sourcecode.swift; path = Movie.swift; sourceTree = "<group>"; };
		E116146229BDB92D00001182 /* APIManager.swift */ = {isa = PBXFileReference; lastKnownFileType = sourcecode.swift; path = APIManager.swift; sourceTree = "<group>"; };
		E116146429BDB94C00001182 /* BaseViewModel.swift */ = {isa = PBXFileReference; lastKnownFileType = sourcecode.swift; path = BaseViewModel.swift; sourceTree = "<group>"; };
		E116146829BDB98200001182 /* RemoteDataSource.swift */ = {isa = PBXFileReference; lastKnownFileType = sourcecode.swift; path = RemoteDataSource.swift; sourceTree = "<group>"; };
		E116146B29BDBA6E00001182 /* Repository.swift */ = {isa = PBXFileReference; lastKnownFileType = sourcecode.swift; path = Repository.swift; sourceTree = "<group>"; };
		E116146E29BDBB7700001182 /* DashboardUseCase.swift */ = {isa = PBXFileReference; lastKnownFileType = sourcecode.swift; path = DashboardUseCase.swift; sourceTree = "<group>"; };
		E116147129BDBBCE00001182 /* Injection.swift */ = {isa = PBXFileReference; lastKnownFileType = sourcecode.swift; path = Injection.swift; sourceTree = "<group>"; };
		E116147429BDD0BE00001182 /* DashboardViewModel.swift */ = {isa = PBXFileReference; lastKnownFileType = sourcecode.swift; path = DashboardViewModel.swift; sourceTree = "<group>"; };
/* End PBXFileReference section */

/* Begin PBXFrameworksBuildPhase section */
		BC89441D29BB1F6400468B97 /* Frameworks */ = {
			isa = PBXFrameworksBuildPhase;
			buildActionMask = 2147483647;
			files = (
				BC79A56129BB5E7900A76CC4 /* Kingfisher in Frameworks */,
				BC79A55E29BB5E6300A76CC4 /* Alamofire in Frameworks */,
				BC79A56929BB5EAB00A76CC4 /* RxSwift in Frameworks */,
				BC79A56729BB5EAB00A76CC4 /* RxCocoa in Frameworks */,
				BC79A56429BB5E8700A76CC4 /* netfox in Frameworks */,
			);
			runOnlyForDeploymentPostprocessing = 0;
		};
		BC89443629BB1F6500468B97 /* Frameworks */ = {
			isa = PBXFrameworksBuildPhase;
			buildActionMask = 2147483647;
			files = (
			);
			runOnlyForDeploymentPostprocessing = 0;
		};
		BC89444029BB1F6600468B97 /* Frameworks */ = {
			isa = PBXFrameworksBuildPhase;
			buildActionMask = 2147483647;
			files = (
			);
			runOnlyForDeploymentPostprocessing = 0;
		};
/* End PBXFrameworksBuildPhase section */

/* Begin PBXGroup section */
		BC2C15C329BF3A2E0006057E /* Search */ = {
			isa = PBXGroup;
			children = (
				BC2C15CC29BF4B930006057E /* ViewModel */,
				BC2C15C429BF3A3B0006057E /* SearchViewController.swift */,
				BC2C15C529BF3A3B0006057E /* SearchViewController.xib */,
			);
			path = Search;
			sourceTree = "<group>";
		};
		BC2C15CC29BF4B930006057E /* ViewModel */ = {
			isa = PBXGroup;
			children = (
				BC2C15CD29BF4B9C0006057E /* SearchViewModel.swift */,
			);
			path = ViewModel;
			sourceTree = "<group>";
		};
		BC5AB7E229C054F300C5D598 /* Cell */ = {
			isa = PBXGroup;
			children = (
				BC5AB7DE29C054EF00C5D598 /* UpcomingTableViewCell.swift */,
				BC5AB7DF29C054EF00C5D598 /* UpcomingTableViewCell.xib */,
			);
			path = Cell;
			sourceTree = "<group>";
		};
		BC5AB7E729C05B3200C5D598 /* ViewModel */ = {
			isa = PBXGroup;
			children = (
				BC5AB7E529C05B2E00C5D598 /* UpcomingViewModel.swift */,
			);
			path = ViewModel;
			sourceTree = "<group>";
		};
		BC6FE9C729C1909500E8F7D8 /* Extension */ = {
			isa = PBXGroup;
			children = (
				BC6FE9C829C190AA00E8F7D8 /* CollectionExtension.swift */,
				BC6FE9CA29C190B700E8F7D8 /* UICollectionViewExtension.swift */,
				BC6FE9CC29C190C700E8F7D8 /* UIImageViewExtension.swift */,
				BC6FE9CE29C190D100E8F7D8 /* UIIViewExtension.swift */,
				BC6FE9D029C190DC00E8F7D8 /* UIViewControllerExtension.swift */,
			);
			path = Extension;
			sourceTree = "<group>";
		};
		BC6FE9D429C1A84600E8F7D8 /* Cell */ = {
			isa = PBXGroup;
			children = (
				BC6FE9D529C1A85A00E8F7D8 /* CastCollectionViewCell.swift */,
				BC6FE9D629C1A85A00E8F7D8 /* CastCollectionViewCell.xib */,
				BC94EEFE29C1DA9D001113BD /* ReviewsCollectionViewCell.swift */,
				BC94EEFF29C1DA9D001113BD /* ReviewsCollectionViewCell.xib */,
			);
			path = Cell;
			sourceTree = "<group>";
		};
		BC73F88029BF3462002C5FE7 /* LibraryThirdParty */ = {
			isa = PBXGroup;
			children = (
				BC73F88129BF3471002C5FE7 /* Toast.swift */,
				BCF4595729C2F1CA00215434 /* CustomSegmentedControl.swift */,
			);
			path = LibraryThirdParty;
			sourceTree = "<group>";
		};
		BC79A53F29BB23B000A76CC4 /* Dashboard */ = {
			isa = PBXGroup;
			children = (
				E116147329BDD0B300001182 /* ViewModel */,
				BC79A55729BB411F00A76CC4 /* Cell */,
				BC79A53B29BB23AC00A76CC4 /* DashboardViewController.swift */,
				BC79A53C29BB23AC00A76CC4 /* DashboardViewController.xib */,
			);
			path = Dashboard;
			sourceTree = "<group>";
		};
		BC79A54429BB23E000A76CC4 /* Upcoming */ = {
			isa = PBXGroup;
			children = (
				BC5AB7E729C05B3200C5D598 /* ViewModel */,
				BC5AB7E229C054F300C5D598 /* Cell */,
				BC79A54029BB23DD00A76CC4 /* UpcomingViewController.swift */,
				BC79A54129BB23DD00A76CC4 /* UpcomingViewController.xib */,
			);
			path = Upcoming;
			sourceTree = "<group>";
		};
		BC79A54929BB246100A76CC4 /* MyMovie */ = {
			isa = PBXGroup;
			children = (
				BC79A54529BB245F00A76CC4 /* MyMovieViewController.swift */,
				BC79A54629BB245F00A76CC4 /* MyMovieViewController.xib */,
			);
			path = MyMovie;
			sourceTree = "<group>";
		};
		BC79A54A29BB2C4E00A76CC4 /* Application */ = {
			isa = PBXGroup;
			children = (
				BC89442329BB1F6400468B97 /* AppDelegate.swift */,
				BC89442529BB1F6400468B97 /* SceneDelegate.swift */,
			);
			path = Application;
			sourceTree = "<group>";
		};
		BC79A54B29BB2C5D00A76CC4 /* Supporting Files */ = {
			isa = PBXGroup;
			children = (
				BC89442F29BB1F6500468B97 /* Assets.xcassets */,
			);
			path = "Supporting Files";
			sourceTree = "<group>";
		};
		BC79A54C29BB2C6C00A76CC4 /* Presentation */ = {
			isa = PBXGroup;
			children = (
				BC79A54D29BB2C7400A76CC4 /* BaseScene */,
				BC79A54E29BB2C7B00A76CC4 /* pinflixScene */,
			);
			path = Presentation;
			sourceTree = "<group>";
		};
		BC79A54D29BB2C7400A76CC4 /* BaseScene */ = {
			isa = PBXGroup;
			children = (
				BC79A53929BB231C00A76CC4 /* TabBarViewController.swift */,
			);
			path = BaseScene;
			sourceTree = "<group>";
		};
		BC79A54E29BB2C7B00A76CC4 /* pinflixScene */ = {
			isa = PBXGroup;
			children = (
				BC2C15C329BF3A2E0006057E /* Search */,
				BC79A53F29BB23B000A76CC4 /* Dashboard */,
				BC8E636029BF2045004274D4 /* Detail */,
				BC79A54429BB23E000A76CC4 /* Upcoming */,
				BC79A54929BB246100A76CC4 /* MyMovie */,
			);
			path = pinflixScene;
			sourceTree = "<group>";
		};
		BC79A54F29BB2C9200A76CC4 /* Domain */ = {
			isa = PBXGroup;
			children = (
				E116146D29BDBB6A00001182 /* UseCase */,
				E116145C29BDA97E00001182 /* Entities */,
			);
			path = Domain;
			sourceTree = "<group>";
		};
		BC79A55029BB2C9700A76CC4 /* Data */ = {
			isa = PBXGroup;
			children = (
				E116147029BDBBC800001182 /* DI */,
				E116146A29BDBA6700001182 /* Repository */,
				E116146629BDB96D00001182 /* DataSource */,
				E116146129BDB91600001182 /* Network */,
				BC79A55229BB2CCE00A76CC4 /* PersistentStorage */,
				E116146429BDB94C00001182 /* BaseViewModel.swift */,
			);
			path = Data;
			sourceTree = "<group>";
		};
		BC79A55129BB2CA700A76CC4 /* Utilities */ = {
			isa = PBXGroup;
			children = (
				BC6FE9C729C1909500E8F7D8 /* Extension */,
				BC73F88029BF3462002C5FE7 /* LibraryThirdParty */,
				BC94EF0629C1ECB9001113BD /* Utils.swift */,
			);
			path = Utilities;
			sourceTree = "<group>";
		};
		BC79A55229BB2CCE00A76CC4 /* PersistentStorage */ = {
			isa = PBXGroup;
			children = (
				BC89442C29BB1F6400468B97 /* pinflix.xcdatamodeld */,
			);
			path = PersistentStorage;
			sourceTree = "<group>";
		};
		BC79A55729BB411F00A76CC4 /* Cell */ = {
			isa = PBXGroup;
			children = (
				BC79A55329BB411400A76CC4 /* NowPlayingCollectionViewCell.swift */,
				BC79A55429BB411400A76CC4 /* NowPlayingCollectionViewCell.xib */,
				BC79A55829BB591B00A76CC4 /* CardMovieCollectionViewCell.swift */,
				BC79A55929BB591B00A76CC4 /* CardMovieCollectionViewCell.xib */,
			);
			path = Cell;
			sourceTree = "<group>";
		};
		BC89441729BB1F6400468B97 = {
			isa = PBXGroup;
			children = (
				BC89442229BB1F6400468B97 /* pinflix */,
				BC89443C29BB1F6500468B97 /* pinflixTests */,
				BC89444629BB1F6600468B97 /* pinflixUITests */,
				BC89442129BB1F6400468B97 /* Products */,
			);
			sourceTree = "<group>";
		};
		BC89442129BB1F6400468B97 /* Products */ = {
			isa = PBXGroup;
			children = (
				BC89442029BB1F6400468B97 /* pinflix.app */,
				BC89443929BB1F6500468B97 /* pinflixTests.xctest */,
				BC89444329BB1F6600468B97 /* pinflixUITests.xctest */,
			);
			name = Products;
			sourceTree = "<group>";
		};
		BC89442229BB1F6400468B97 /* pinflix */ = {
			isa = PBXGroup;
			children = (
				BC79A54A29BB2C4E00A76CC4 /* Application */,
				BC79A54F29BB2C9200A76CC4 /* Domain */,
				BC79A54C29BB2C6C00A76CC4 /* Presentation */,
				BC79A55029BB2C9700A76CC4 /* Data */,
				BC79A55129BB2CA700A76CC4 /* Utilities */,
				BC79A54B29BB2C5D00A76CC4 /* Supporting Files */,
				BC89443129BB1F6500468B97 /* LaunchScreen.storyboard */,
				BC89443429BB1F6500468B97 /* Info.plist */,
			);
			path = pinflix;
			sourceTree = "<group>";
		};
		BC89443C29BB1F6500468B97 /* pinflixTests */ = {
			isa = PBXGroup;
			children = (
				BC89443D29BB1F6500468B97 /* pinflixTests.swift */,
			);
			path = pinflixTests;
			sourceTree = "<group>";
		};
		BC89444629BB1F6600468B97 /* pinflixUITests */ = {
			isa = PBXGroup;
			children = (
				BC89444729BB1F6600468B97 /* pinflixUITests.swift */,
				BC89444929BB1F6600468B97 /* pinflixUITestsLaunchTests.swift */,
			);
			path = pinflixUITests;
			sourceTree = "<group>";
		};
		BC8E636029BF2045004274D4 /* Detail */ = {
			isa = PBXGroup;
			children = (
				BCF4595929C2F31700215434 /* SegmentedControl */,
				BC8E636729BF25CC004274D4 /* ViewModel */,
				BC6FE9D429C1A84600E8F7D8 /* Cell */,
				BC8E636129BF2054004274D4 /* DetailViewController.swift */,
				BC8E636229BF2054004274D4 /* DetailViewController.xib */,
			);
			path = Detail;
			sourceTree = "<group>";
		};
		BC8E636729BF25CC004274D4 /* ViewModel */ = {
			isa = PBXGroup;
			children = (
				BC8E636829BF25D4004274D4 /* DetailViewModel.swift */,
			);
			path = ViewModel;
			sourceTree = "<group>";
		};
		BCF4595929C2F31700215434 /* SegmentedControl */ = {
			isa = PBXGroup;
			children = (
				BCF4595E29C2F33600215434 /* Video */,
				BCF4596329C2F34C00215434 /* Backdrops */,
				BCF4596829C2F36F00215434 /* Posters */,
			);
			path = SegmentedControl;
			sourceTree = "<group>";
		};
		BCF4595E29C2F33600215434 /* Video */ = {
			isa = PBXGroup;
			children = (
				BCF4595A29C2F33200215434 /* VideoViewController.swift */,
				BCF4595B29C2F33200215434 /* VideoViewController.xib */,
			);
			path = Video;
			sourceTree = "<group>";
		};
		BCF4596329C2F34C00215434 /* Backdrops */ = {
			isa = PBXGroup;
			children = (
				BCF4596D29C2F68300215434 /* Cell */,
				BCF4595F29C2F34500215434 /* BackdropsViewController.swift */,
				BCF4596029C2F34500215434 /* BackdropsViewController.xib */,
			);
			path = Backdrops;
			sourceTree = "<group>";
		};
		BCF4596829C2F36F00215434 /* Posters */ = {
			isa = PBXGroup;
			children = (
				BCF4596429C2F36C00215434 /* PostersViewController.swift */,
				BCF4596529C2F36C00215434 /* PostersViewController.xib */,
			);
			path = Posters;
			sourceTree = "<group>";
		};
		BCF4596D29C2F68300215434 /* Cell */ = {
			isa = PBXGroup;
			children = (
				BCF4596929C2F68000215434 /* BackdropCollectionViewCell.swift */,
				BCF4596A29C2F68000215434 /* BackdropCollectionViewCell.xib */,
			);
			path = Cell;
			sourceTree = "<group>";
		};
		E116145C29BDA97E00001182 /* Entities */ = {
			isa = PBXGroup;
			children = (
				E116145D29BDAEB500001182 /* TMDB.swift */,
				BC94EF0429C1E4EA001113BD /* Recommendations.swift */,
				BC94EF0229C1E047001113BD /* Reviews.swift */,
				E116145F29BDB08300001182 /* Movie.swift */,
				BC6FE9D229C1A4F700E8F7D8 /* Credits.swift */,
				BCF4596E29C2F7E600215434 /* Images.swift */,
			);
			path = Entities;
			sourceTree = "<group>";
		};
		E116146129BDB91600001182 /* Network */ = {
			isa = PBXGroup;
			children = (
				E116146229BDB92D00001182 /* APIManager.swift */,
			);
			path = Network;
			sourceTree = "<group>";
		};
		E116146629BDB96D00001182 /* DataSource */ = {
			isa = PBXGroup;
			children = (
				E116146729BDB97700001182 /* Remote */,
			);
			path = DataSource;
			sourceTree = "<group>";
		};
		E116146729BDB97700001182 /* Remote */ = {
			isa = PBXGroup;
			children = (
				E116146829BDB98200001182 /* RemoteDataSource.swift */,
			);
			path = Remote;
			sourceTree = "<group>";
		};
		E116146A29BDBA6700001182 /* Repository */ = {
			isa = PBXGroup;
			children = (
				E116146B29BDBA6E00001182 /* Repository.swift */,
			);
			path = Repository;
			sourceTree = "<group>";
		};
		E116146D29BDBB6A00001182 /* UseCase */ = {
			isa = PBXGroup;
			children = (
				E116146E29BDBB7700001182 /* DashboardUseCase.swift */,
				BC8E636529BF256E004274D4 /* DetailUseCase.swift */,
				BC2C15CA29BF47370006057E /* SearchUseCase.swift */,
				BC5AB7E329C05AC500C5D598 /* UpcomingUseCase.swift */,
			);
			path = UseCase;
			sourceTree = "<group>";
		};
		E116147029BDBBC800001182 /* DI */ = {
			isa = PBXGroup;
			children = (
				E116147129BDBBCE00001182 /* Injection.swift */,
			);
			path = DI;
			sourceTree = "<group>";
		};
		E116147329BDD0B300001182 /* ViewModel */ = {
			isa = PBXGroup;
			children = (
				E116147429BDD0BE00001182 /* DashboardViewModel.swift */,
			);
			path = ViewModel;
			sourceTree = "<group>";
		};
/* End PBXGroup section */

/* Begin PBXNativeTarget section */
		BC89441F29BB1F6400468B97 /* pinflix */ = {
			isa = PBXNativeTarget;
			buildConfigurationList = BC89444D29BB1F6600468B97 /* Build configuration list for PBXNativeTarget "pinflix" */;
			buildPhases = (
				BC89441C29BB1F6400468B97 /* Sources */,
				BC89441D29BB1F6400468B97 /* Frameworks */,
				BC89441E29BB1F6400468B97 /* Resources */,
			);
			buildRules = (
			);
			dependencies = (
			);
			name = pinflix;
			packageProductDependencies = (
				BC79A55D29BB5E6300A76CC4 /* Alamofire */,
				BC79A56029BB5E7900A76CC4 /* Kingfisher */,
				BC79A56329BB5E8700A76CC4 /* netfox */,
				BC79A56629BB5EAB00A76CC4 /* RxCocoa */,
				BC79A56829BB5EAB00A76CC4 /* RxSwift */,
			);
			productName = pinflix;
			productReference = BC89442029BB1F6400468B97 /* pinflix.app */;
			productType = "com.apple.product-type.application";
		};
		BC89443829BB1F6500468B97 /* pinflixTests */ = {
			isa = PBXNativeTarget;
			buildConfigurationList = BC89445029BB1F6600468B97 /* Build configuration list for PBXNativeTarget "pinflixTests" */;
			buildPhases = (
				BC89443529BB1F6500468B97 /* Sources */,
				BC89443629BB1F6500468B97 /* Frameworks */,
				BC89443729BB1F6500468B97 /* Resources */,
			);
			buildRules = (
			);
			dependencies = (
				BC89443B29BB1F6500468B97 /* PBXTargetDependency */,
			);
			name = pinflixTests;
			productName = pinflixTests;
			productReference = BC89443929BB1F6500468B97 /* pinflixTests.xctest */;
			productType = "com.apple.product-type.bundle.unit-test";
		};
		BC89444229BB1F6600468B97 /* pinflixUITests */ = {
			isa = PBXNativeTarget;
			buildConfigurationList = BC89445329BB1F6600468B97 /* Build configuration list for PBXNativeTarget "pinflixUITests" */;
			buildPhases = (
				BC89443F29BB1F6600468B97 /* Sources */,
				BC89444029BB1F6600468B97 /* Frameworks */,
				BC89444129BB1F6600468B97 /* Resources */,
			);
			buildRules = (
			);
			dependencies = (
				BC89444529BB1F6600468B97 /* PBXTargetDependency */,
			);
			name = pinflixUITests;
			productName = pinflixUITests;
			productReference = BC89444329BB1F6600468B97 /* pinflixUITests.xctest */;
			productType = "com.apple.product-type.bundle.ui-testing";
		};
/* End PBXNativeTarget section */

/* Begin PBXProject section */
		BC89441829BB1F6400468B97 /* Project object */ = {
			isa = PBXProject;
			attributes = {
				BuildIndependentTargetsInParallel = 1;
				LastSwiftUpdateCheck = 1420;
				LastUpgradeCheck = 1420;
				TargetAttributes = {
					BC89441F29BB1F6400468B97 = {
						CreatedOnToolsVersion = 14.2;
					};
					BC89443829BB1F6500468B97 = {
						CreatedOnToolsVersion = 14.2;
						TestTargetID = BC89441F29BB1F6400468B97;
					};
					BC89444229BB1F6600468B97 = {
						CreatedOnToolsVersion = 14.2;
						TestTargetID = BC89441F29BB1F6400468B97;
					};
				};
			};
			buildConfigurationList = BC89441B29BB1F6400468B97 /* Build configuration list for PBXProject "pinflix" */;
			compatibilityVersion = "Xcode 14.0";
			developmentRegion = en;
			hasScannedForEncodings = 0;
			knownRegions = (
				en,
				Base,
			);
			mainGroup = BC89441729BB1F6400468B97;
			packageReferences = (
				BC79A55C29BB5E6300A76CC4 /* XCRemoteSwiftPackageReference "Alamofire" */,
				BC79A55F29BB5E7900A76CC4 /* XCRemoteSwiftPackageReference "Kingfisher" */,
				BC79A56229BB5E8700A76CC4 /* XCRemoteSwiftPackageReference "netfox" */,
				BC79A56529BB5EAB00A76CC4 /* XCRemoteSwiftPackageReference "RxSwift" */,
			);
			productRefGroup = BC89442129BB1F6400468B97 /* Products */;
			projectDirPath = "";
			projectRoot = "";
			targets = (
				BC89441F29BB1F6400468B97 /* pinflix */,
				BC89443829BB1F6500468B97 /* pinflixTests */,
				BC89444229BB1F6600468B97 /* pinflixUITests */,
			);
		};
/* End PBXProject section */

/* Begin PBXResourcesBuildPhase section */
		BC89441E29BB1F6400468B97 /* Resources */ = {
			isa = PBXResourcesBuildPhase;
			buildActionMask = 2147483647;
			files = (
				BCF4595D29C2F33200215434 /* VideoViewController.xib in Resources */,
				BC79A55B29BB591B00A76CC4 /* CardMovieCollectionViewCell.xib in Resources */,
				BC79A54329BB23DD00A76CC4 /* UpcomingViewController.xib in Resources */,
				BC79A54829BB245F00A76CC4 /* MyMovieViewController.xib in Resources */,
				BC5AB7E129C054EF00C5D598 /* UpcomingTableViewCell.xib in Resources */,
				BC8E636429BF2054004274D4 /* DetailViewController.xib in Resources */,
				BC79A55629BB411400A76CC4 /* NowPlayingCollectionViewCell.xib in Resources */,
				BC94EF0129C1DA9D001113BD /* ReviewsCollectionViewCell.xib in Resources */,
				BC6FE9D829C1A85A00E8F7D8 /* CastCollectionViewCell.xib in Resources */,
				BC2C15C729BF3A3B0006057E /* SearchViewController.xib in Resources */,
				BC89443329BB1F6500468B97 /* LaunchScreen.storyboard in Resources */,
				BCF4596729C2F36C00215434 /* PostersViewController.xib in Resources */,
				BCF4596C29C2F68000215434 /* BackdropCollectionViewCell.xib in Resources */,
				BC89443029BB1F6500468B97 /* Assets.xcassets in Resources */,
				BCF4596229C2F34500215434 /* BackdropsViewController.xib in Resources */,
				BC79A53E29BB23AC00A76CC4 /* DashboardViewController.xib in Resources */,
			);
			runOnlyForDeploymentPostprocessing = 0;
		};
		BC89443729BB1F6500468B97 /* Resources */ = {
			isa = PBXResourcesBuildPhase;
			buildActionMask = 2147483647;
			files = (
			);
			runOnlyForDeploymentPostprocessing = 0;
		};
		BC89444129BB1F6600468B97 /* Resources */ = {
			isa = PBXResourcesBuildPhase;
			buildActionMask = 2147483647;
			files = (
			);
			runOnlyForDeploymentPostprocessing = 0;
		};
/* End PBXResourcesBuildPhase section */

/* Begin PBXSourcesBuildPhase section */
		BC89441C29BB1F6400468B97 /* Sources */ = {
			isa = PBXSourcesBuildPhase;
			buildActionMask = 2147483647;
			files = (
				BC94EF0029C1DA9D001113BD /* ReviewsCollectionViewCell.swift in Sources */,
				BC6FE9CD29C190C700E8F7D8 /* UIImageViewExtension.swift in Sources */,
				BC8E636629BF256E004274D4 /* DetailUseCase.swift in Sources */,
				E116146329BDB92D00001182 /* APIManager.swift in Sources */,
				BC2C15C629BF3A3B0006057E /* SearchViewController.swift in Sources */,
				BC94EF0729C1ECB9001113BD /* Utils.swift in Sources */,
				BC6FE9C929C190AA00E8F7D8 /* CollectionExtension.swift in Sources */,
				BC6FE9CB29C190B700E8F7D8 /* UICollectionViewExtension.swift in Sources */,
				BCF4596129C2F34500215434 /* BackdropsViewController.swift in Sources */,
				BC79A54229BB23DD00A76CC4 /* UpcomingViewController.swift in Sources */,
				E116146F29BDBB7700001182 /* DashboardUseCase.swift in Sources */,
				BC5AB7E029C054EF00C5D598 /* UpcomingTableViewCell.swift in Sources */,
				E116147529BDD0BE00001182 /* DashboardViewModel.swift in Sources */,
				E116146C29BDBA6E00001182 /* Repository.swift in Sources */,
				BC94EF0529C1E4EA001113BD /* Recommendations.swift in Sources */,
				BC8E636929BF25D4004274D4 /* DetailViewModel.swift in Sources */,
				BCF4595C29C2F33200215434 /* VideoViewController.swift in Sources */,
				BC79A55A29BB591B00A76CC4 /* CardMovieCollectionViewCell.swift in Sources */,
				E116145E29BDAEB500001182 /* TMDB.swift in Sources */,
				BC79A53A29BB231C00A76CC4 /* TabBarViewController.swift in Sources */,
				BC89442429BB1F6400468B97 /* AppDelegate.swift in Sources */,
				BC6FE9CF29C190D100E8F7D8 /* UIIViewExtension.swift in Sources */,
				BCF4596F29C2F7E600215434 /* Images.swift in Sources */,
				BC73F88229BF3471002C5FE7 /* Toast.swift in Sources */,
				BC8E636329BF2054004274D4 /* DetailViewController.swift in Sources */,
				BC79A53D29BB23AC00A76CC4 /* DashboardViewController.swift in Sources */,
				BCF4595829C2F1CA00215434 /* CustomSegmentedControl.swift in Sources */,
				BC6FE9D129C190DC00E8F7D8 /* UIViewControllerExtension.swift in Sources */,
				BCF4596629C2F36C00215434 /* PostersViewController.swift in Sources */,
				BC2C15CE29BF4B9C0006057E /* SearchViewModel.swift in Sources */,
				BC6FE9D729C1A85A00E8F7D8 /* CastCollectionViewCell.swift in Sources */,
				E116146529BDB94C00001182 /* BaseViewModel.swift in Sources */,
				E116146929BDB98200001182 /* RemoteDataSource.swift in Sources */,
				BCF4596B29C2F68000215434 /* BackdropCollectionViewCell.swift in Sources */,
				BC79A55529BB411400A76CC4 /* NowPlayingCollectionViewCell.swift in Sources */,
				BC5AB7E629C05B2E00C5D598 /* UpcomingViewModel.swift in Sources */,
				BC6FE9D329C1A4F700E8F7D8 /* Credits.swift in Sources */,
				BC2C15CB29BF47370006057E /* SearchUseCase.swift in Sources */,
				BC89442E29BB1F6400468B97 /* pinflix.xcdatamodeld in Sources */,
				BC79A54729BB245F00A76CC4 /* MyMovieViewController.swift in Sources */,
				BC94EF0329C1E047001113BD /* Reviews.swift in Sources */,
				BC5AB7E429C05AC500C5D598 /* UpcomingUseCase.swift in Sources */,
				E116146029BDB08300001182 /* Movie.swift in Sources */,
				E116147229BDBBCE00001182 /* Injection.swift in Sources */,
				BC89442629BB1F6400468B97 /* SceneDelegate.swift in Sources */,
			);
			runOnlyForDeploymentPostprocessing = 0;
		};
		BC89443529BB1F6500468B97 /* Sources */ = {
			isa = PBXSourcesBuildPhase;
			buildActionMask = 2147483647;
			files = (
				BC89443E29BB1F6500468B97 /* pinflixTests.swift in Sources */,
			);
			runOnlyForDeploymentPostprocessing = 0;
		};
		BC89443F29BB1F6600468B97 /* Sources */ = {
			isa = PBXSourcesBuildPhase;
			buildActionMask = 2147483647;
			files = (
				BC89444829BB1F6600468B97 /* pinflixUITests.swift in Sources */,
				BC89444A29BB1F6600468B97 /* pinflixUITestsLaunchTests.swift in Sources */,
			);
			runOnlyForDeploymentPostprocessing = 0;
		};
/* End PBXSourcesBuildPhase section */

/* Begin PBXTargetDependency section */
		BC89443B29BB1F6500468B97 /* PBXTargetDependency */ = {
			isa = PBXTargetDependency;
			target = BC89441F29BB1F6400468B97 /* pinflix */;
			targetProxy = BC89443A29BB1F6500468B97 /* PBXContainerItemProxy */;
		};
		BC89444529BB1F6600468B97 /* PBXTargetDependency */ = {
			isa = PBXTargetDependency;
			target = BC89441F29BB1F6400468B97 /* pinflix */;
			targetProxy = BC89444429BB1F6600468B97 /* PBXContainerItemProxy */;
		};
/* End PBXTargetDependency section */

/* Begin PBXVariantGroup section */
		BC89443129BB1F6500468B97 /* LaunchScreen.storyboard */ = {
			isa = PBXVariantGroup;
			children = (
				BC89443229BB1F6500468B97 /* Base */,
			);
			name = LaunchScreen.storyboard;
			sourceTree = "<group>";
		};
/* End PBXVariantGroup section */

/* Begin XCBuildConfiguration section */
		BC89444B29BB1F6600468B97 /* Debug */ = {
			isa = XCBuildConfiguration;
			buildSettings = {
				ALWAYS_SEARCH_USER_PATHS = NO;
				CLANG_ANALYZER_NONNULL = YES;
				CLANG_ANALYZER_NUMBER_OBJECT_CONVERSION = YES_AGGRESSIVE;
				CLANG_CXX_LANGUAGE_STANDARD = "gnu++20";
				CLANG_ENABLE_MODULES = YES;
				CLANG_ENABLE_OBJC_ARC = YES;
				CLANG_ENABLE_OBJC_WEAK = YES;
				CLANG_WARN_BLOCK_CAPTURE_AUTORELEASING = YES;
				CLANG_WARN_BOOL_CONVERSION = YES;
				CLANG_WARN_COMMA = YES;
				CLANG_WARN_CONSTANT_CONVERSION = YES;
				CLANG_WARN_DEPRECATED_OBJC_IMPLEMENTATIONS = YES;
				CLANG_WARN_DIRECT_OBJC_ISA_USAGE = YES_ERROR;
				CLANG_WARN_DOCUMENTATION_COMMENTS = YES;
				CLANG_WARN_EMPTY_BODY = YES;
				CLANG_WARN_ENUM_CONVERSION = YES;
				CLANG_WARN_INFINITE_RECURSION = YES;
				CLANG_WARN_INT_CONVERSION = YES;
				CLANG_WARN_NON_LITERAL_NULL_CONVERSION = YES;
				CLANG_WARN_OBJC_IMPLICIT_RETAIN_SELF = YES;
				CLANG_WARN_OBJC_LITERAL_CONVERSION = YES;
				CLANG_WARN_OBJC_ROOT_CLASS = YES_ERROR;
				CLANG_WARN_QUOTED_INCLUDE_IN_FRAMEWORK_HEADER = YES;
				CLANG_WARN_RANGE_LOOP_ANALYSIS = YES;
				CLANG_WARN_STRICT_PROTOTYPES = YES;
				CLANG_WARN_SUSPICIOUS_MOVE = YES;
				CLANG_WARN_UNGUARDED_AVAILABILITY = YES_AGGRESSIVE;
				CLANG_WARN_UNREACHABLE_CODE = YES;
				CLANG_WARN__DUPLICATE_METHOD_MATCH = YES;
				COPY_PHASE_STRIP = NO;
				DEBUG_INFORMATION_FORMAT = dwarf;
				ENABLE_STRICT_OBJC_MSGSEND = YES;
				ENABLE_TESTABILITY = YES;
				GCC_C_LANGUAGE_STANDARD = gnu11;
				GCC_DYNAMIC_NO_PIC = NO;
				GCC_NO_COMMON_BLOCKS = YES;
				GCC_OPTIMIZATION_LEVEL = 0;
				GCC_PREPROCESSOR_DEFINITIONS = (
					"DEBUG=1",
					"$(inherited)",
				);
				GCC_WARN_64_TO_32_BIT_CONVERSION = YES;
				GCC_WARN_ABOUT_RETURN_TYPE = YES_ERROR;
				GCC_WARN_UNDECLARED_SELECTOR = YES;
				GCC_WARN_UNINITIALIZED_AUTOS = YES_AGGRESSIVE;
				GCC_WARN_UNUSED_FUNCTION = YES;
				GCC_WARN_UNUSED_VARIABLE = YES;
				IPHONEOS_DEPLOYMENT_TARGET = 16.2;
				MTL_ENABLE_DEBUG_INFO = INCLUDE_SOURCE;
				MTL_FAST_MATH = YES;
				ONLY_ACTIVE_ARCH = YES;
				SDKROOT = iphoneos;
				SWIFT_ACTIVE_COMPILATION_CONDITIONS = DEBUG;
				SWIFT_OPTIMIZATION_LEVEL = "-Onone";
			};
			name = Debug;
		};
		BC89444C29BB1F6600468B97 /* Release */ = {
			isa = XCBuildConfiguration;
			buildSettings = {
				ALWAYS_SEARCH_USER_PATHS = NO;
				CLANG_ANALYZER_NONNULL = YES;
				CLANG_ANALYZER_NUMBER_OBJECT_CONVERSION = YES_AGGRESSIVE;
				CLANG_CXX_LANGUAGE_STANDARD = "gnu++20";
				CLANG_ENABLE_MODULES = YES;
				CLANG_ENABLE_OBJC_ARC = YES;
				CLANG_ENABLE_OBJC_WEAK = YES;
				CLANG_WARN_BLOCK_CAPTURE_AUTORELEASING = YES;
				CLANG_WARN_BOOL_CONVERSION = YES;
				CLANG_WARN_COMMA = YES;
				CLANG_WARN_CONSTANT_CONVERSION = YES;
				CLANG_WARN_DEPRECATED_OBJC_IMPLEMENTATIONS = YES;
				CLANG_WARN_DIRECT_OBJC_ISA_USAGE = YES_ERROR;
				CLANG_WARN_DOCUMENTATION_COMMENTS = YES;
				CLANG_WARN_EMPTY_BODY = YES;
				CLANG_WARN_ENUM_CONVERSION = YES;
				CLANG_WARN_INFINITE_RECURSION = YES;
				CLANG_WARN_INT_CONVERSION = YES;
				CLANG_WARN_NON_LITERAL_NULL_CONVERSION = YES;
				CLANG_WARN_OBJC_IMPLICIT_RETAIN_SELF = YES;
				CLANG_WARN_OBJC_LITERAL_CONVERSION = YES;
				CLANG_WARN_OBJC_ROOT_CLASS = YES_ERROR;
				CLANG_WARN_QUOTED_INCLUDE_IN_FRAMEWORK_HEADER = YES;
				CLANG_WARN_RANGE_LOOP_ANALYSIS = YES;
				CLANG_WARN_STRICT_PROTOTYPES = YES;
				CLANG_WARN_SUSPICIOUS_MOVE = YES;
				CLANG_WARN_UNGUARDED_AVAILABILITY = YES_AGGRESSIVE;
				CLANG_WARN_UNREACHABLE_CODE = YES;
				CLANG_WARN__DUPLICATE_METHOD_MATCH = YES;
				COPY_PHASE_STRIP = NO;
				DEBUG_INFORMATION_FORMAT = "dwarf-with-dsym";
				ENABLE_NS_ASSERTIONS = NO;
				ENABLE_STRICT_OBJC_MSGSEND = YES;
				GCC_C_LANGUAGE_STANDARD = gnu11;
				GCC_NO_COMMON_BLOCKS = YES;
				GCC_WARN_64_TO_32_BIT_CONVERSION = YES;
				GCC_WARN_ABOUT_RETURN_TYPE = YES_ERROR;
				GCC_WARN_UNDECLARED_SELECTOR = YES;
				GCC_WARN_UNINITIALIZED_AUTOS = YES_AGGRESSIVE;
				GCC_WARN_UNUSED_FUNCTION = YES;
				GCC_WARN_UNUSED_VARIABLE = YES;
				IPHONEOS_DEPLOYMENT_TARGET = 16.2;
				MTL_ENABLE_DEBUG_INFO = NO;
				MTL_FAST_MATH = YES;
				SDKROOT = iphoneos;
				SWIFT_COMPILATION_MODE = wholemodule;
				SWIFT_OPTIMIZATION_LEVEL = "-O";
				VALIDATE_PRODUCT = YES;
			};
			name = Release;
		};
		BC89444E29BB1F6600468B97 /* Debug */ = {
			isa = XCBuildConfiguration;
			buildSettings = {
				ASSETCATALOG_COMPILER_APPICON_NAME = AppIcon;
				ASSETCATALOG_COMPILER_GLOBAL_ACCENT_COLOR_NAME = AccentColor;
				CODE_SIGN_STYLE = Automatic;
				CURRENT_PROJECT_VERSION = 1;
				DEVELOPMENT_TEAM = T7A66MU3ZQ;
				GENERATE_INFOPLIST_FILE = YES;
				INFOPLIST_FILE = pinflix/Info.plist;
				INFOPLIST_KEY_UIApplicationSupportsIndirectInputEvents = YES;
				INFOPLIST_KEY_UILaunchStoryboardName = LaunchScreen;
				INFOPLIST_KEY_UISupportedInterfaceOrientations = UIInterfaceOrientationPortrait;
				IPHONEOS_DEPLOYMENT_TARGET = 13.0;
				LD_RUNPATH_SEARCH_PATHS = (
					"$(inherited)",
					"@executable_path/Frameworks",
				);
				MARKETING_VERSION = 1.0;
				PRODUCT_BUNDLE_IDENTIFIER = com.yxgg.pinflix;
				PRODUCT_NAME = "$(TARGET_NAME)";
				SWIFT_EMIT_LOC_STRINGS = YES;
				SWIFT_VERSION = 5.0;
				TARGETED_DEVICE_FAMILY = "1,2";
			};
			name = Debug;
		};
		BC89444F29BB1F6600468B97 /* Release */ = {
			isa = XCBuildConfiguration;
			buildSettings = {
				ASSETCATALOG_COMPILER_APPICON_NAME = AppIcon;
				ASSETCATALOG_COMPILER_GLOBAL_ACCENT_COLOR_NAME = AccentColor;
				CODE_SIGN_STYLE = Automatic;
				CURRENT_PROJECT_VERSION = 1;
				DEVELOPMENT_TEAM = T7A66MU3ZQ;
				GENERATE_INFOPLIST_FILE = YES;
				INFOPLIST_FILE = pinflix/Info.plist;
				INFOPLIST_KEY_UIApplicationSupportsIndirectInputEvents = YES;
				INFOPLIST_KEY_UILaunchStoryboardName = LaunchScreen;
				INFOPLIST_KEY_UISupportedInterfaceOrientations = UIInterfaceOrientationPortrait;
				IPHONEOS_DEPLOYMENT_TARGET = 13.0;
				LD_RUNPATH_SEARCH_PATHS = (
					"$(inherited)",
					"@executable_path/Frameworks",
				);
				MARKETING_VERSION = 1.0;
				PRODUCT_BUNDLE_IDENTIFIER = com.yxgg.pinflix;
				PRODUCT_NAME = "$(TARGET_NAME)";
				SWIFT_EMIT_LOC_STRINGS = YES;
				SWIFT_VERSION = 5.0;
				TARGETED_DEVICE_FAMILY = "1,2";
			};
			name = Release;
		};
		BC89445129BB1F6600468B97 /* Debug */ = {
			isa = XCBuildConfiguration;
			buildSettings = {
				ALWAYS_EMBED_SWIFT_STANDARD_LIBRARIES = YES;
				BUNDLE_LOADER = "$(TEST_HOST)";
				CODE_SIGN_STYLE = Automatic;
				CURRENT_PROJECT_VERSION = 1;
				DEVELOPMENT_TEAM = T7A66MU3ZQ;
				GENERATE_INFOPLIST_FILE = YES;
				IPHONEOS_DEPLOYMENT_TARGET = 16.2;
				MARKETING_VERSION = 1.0;
				PRODUCT_BUNDLE_IDENTIFIER = com.yxgg.pinflixTests;
				PRODUCT_NAME = "$(TARGET_NAME)";
				SWIFT_EMIT_LOC_STRINGS = NO;
				SWIFT_VERSION = 5.0;
				TARGETED_DEVICE_FAMILY = "1,2";
				TEST_HOST = "$(BUILT_PRODUCTS_DIR)/pinflix.app/$(BUNDLE_EXECUTABLE_FOLDER_PATH)/pinflix";
			};
			name = Debug;
		};
		BC89445229BB1F6600468B97 /* Release */ = {
			isa = XCBuildConfiguration;
			buildSettings = {
				ALWAYS_EMBED_SWIFT_STANDARD_LIBRARIES = YES;
				BUNDLE_LOADER = "$(TEST_HOST)";
				CODE_SIGN_STYLE = Automatic;
				CURRENT_PROJECT_VERSION = 1;
				DEVELOPMENT_TEAM = T7A66MU3ZQ;
				GENERATE_INFOPLIST_FILE = YES;
				IPHONEOS_DEPLOYMENT_TARGET = 16.2;
				MARKETING_VERSION = 1.0;
				PRODUCT_BUNDLE_IDENTIFIER = com.yxgg.pinflixTests;
				PRODUCT_NAME = "$(TARGET_NAME)";
				SWIFT_EMIT_LOC_STRINGS = NO;
				SWIFT_VERSION = 5.0;
				TARGETED_DEVICE_FAMILY = "1,2";
				TEST_HOST = "$(BUILT_PRODUCTS_DIR)/pinflix.app/$(BUNDLE_EXECUTABLE_FOLDER_PATH)/pinflix";
			};
			name = Release;
		};
		BC89445429BB1F6600468B97 /* Debug */ = {
			isa = XCBuildConfiguration;
			buildSettings = {
				ALWAYS_EMBED_SWIFT_STANDARD_LIBRARIES = YES;
				CODE_SIGN_STYLE = Automatic;
				CURRENT_PROJECT_VERSION = 1;
				DEVELOPMENT_TEAM = T7A66MU3ZQ;
				GENERATE_INFOPLIST_FILE = YES;
				MARKETING_VERSION = 1.0;
				PRODUCT_BUNDLE_IDENTIFIER = com.yxgg.pinflixUITests;
				PRODUCT_NAME = "$(TARGET_NAME)";
				SWIFT_EMIT_LOC_STRINGS = NO;
				SWIFT_VERSION = 5.0;
				TARGETED_DEVICE_FAMILY = "1,2";
				TEST_TARGET_NAME = pinflix;
			};
			name = Debug;
		};
		BC89445529BB1F6600468B97 /* Release */ = {
			isa = XCBuildConfiguration;
			buildSettings = {
				ALWAYS_EMBED_SWIFT_STANDARD_LIBRARIES = YES;
				CODE_SIGN_STYLE = Automatic;
				CURRENT_PROJECT_VERSION = 1;
				DEVELOPMENT_TEAM = T7A66MU3ZQ;
				GENERATE_INFOPLIST_FILE = YES;
				MARKETING_VERSION = 1.0;
				PRODUCT_BUNDLE_IDENTIFIER = com.yxgg.pinflixUITests;
				PRODUCT_NAME = "$(TARGET_NAME)";
				SWIFT_EMIT_LOC_STRINGS = NO;
				SWIFT_VERSION = 5.0;
				TARGETED_DEVICE_FAMILY = "1,2";
				TEST_TARGET_NAME = pinflix;
			};
			name = Release;
		};
/* End XCBuildConfiguration section */

/* Begin XCConfigurationList section */
		BC89441B29BB1F6400468B97 /* Build configuration list for PBXProject "pinflix" */ = {
			isa = XCConfigurationList;
			buildConfigurations = (
				BC89444B29BB1F6600468B97 /* Debug */,
				BC89444C29BB1F6600468B97 /* Release */,
			);
			defaultConfigurationIsVisible = 0;
			defaultConfigurationName = Release;
		};
		BC89444D29BB1F6600468B97 /* Build configuration list for PBXNativeTarget "pinflix" */ = {
			isa = XCConfigurationList;
			buildConfigurations = (
				BC89444E29BB1F6600468B97 /* Debug */,
				BC89444F29BB1F6600468B97 /* Release */,
			);
			defaultConfigurationIsVisible = 0;
			defaultConfigurationName = Release;
		};
		BC89445029BB1F6600468B97 /* Build configuration list for PBXNativeTarget "pinflixTests" */ = {
			isa = XCConfigurationList;
			buildConfigurations = (
				BC89445129BB1F6600468B97 /* Debug */,
				BC89445229BB1F6600468B97 /* Release */,
			);
			defaultConfigurationIsVisible = 0;
			defaultConfigurationName = Release;
		};
		BC89445329BB1F6600468B97 /* Build configuration list for PBXNativeTarget "pinflixUITests" */ = {
			isa = XCConfigurationList;
			buildConfigurations = (
				BC89445429BB1F6600468B97 /* Debug */,
				BC89445529BB1F6600468B97 /* Release */,
			);
			defaultConfigurationIsVisible = 0;
			defaultConfigurationName = Release;
		};
/* End XCConfigurationList section */

/* Begin XCRemoteSwiftPackageReference section */
		BC79A55C29BB5E6300A76CC4 /* XCRemoteSwiftPackageReference "Alamofire" */ = {
			isa = XCRemoteSwiftPackageReference;
			repositoryURL = "https://github.com/Alamofire/Alamofire";
			requirement = {
				kind = upToNextMajorVersion;
				minimumVersion = 5.0.0;
			};
		};
		BC79A55F29BB5E7900A76CC4 /* XCRemoteSwiftPackageReference "Kingfisher" */ = {
			isa = XCRemoteSwiftPackageReference;
			repositoryURL = "https://github.com/onevcat/Kingfisher";
			requirement = {
				kind = upToNextMajorVersion;
				minimumVersion = 7.0.0;
			};
		};
		BC79A56229BB5E8700A76CC4 /* XCRemoteSwiftPackageReference "netfox" */ = {
			isa = XCRemoteSwiftPackageReference;
			repositoryURL = "https://github.com/kasketis/netfox";
			requirement = {
				kind = upToNextMajorVersion;
				minimumVersion = 1.0.0;
			};
		};
		BC79A56529BB5EAB00A76CC4 /* XCRemoteSwiftPackageReference "RxSwift" */ = {
			isa = XCRemoteSwiftPackageReference;
			repositoryURL = "https://github.com/ReactiveX/RxSwift";
			requirement = {
				kind = upToNextMajorVersion;
				minimumVersion = 6.0.0;
			};
		};
/* End XCRemoteSwiftPackageReference section */

/* Begin XCSwiftPackageProductDependency section */
		BC79A55D29BB5E6300A76CC4 /* Alamofire */ = {
			isa = XCSwiftPackageProductDependency;
			package = BC79A55C29BB5E6300A76CC4 /* XCRemoteSwiftPackageReference "Alamofire" */;
			productName = Alamofire;
		};
		BC79A56029BB5E7900A76CC4 /* Kingfisher */ = {
			isa = XCSwiftPackageProductDependency;
			package = BC79A55F29BB5E7900A76CC4 /* XCRemoteSwiftPackageReference "Kingfisher" */;
			productName = Kingfisher;
		};
		BC79A56329BB5E8700A76CC4 /* netfox */ = {
			isa = XCSwiftPackageProductDependency;
			package = BC79A56229BB5E8700A76CC4 /* XCRemoteSwiftPackageReference "netfox" */;
			productName = netfox;
		};
		BC79A56629BB5EAB00A76CC4 /* RxCocoa */ = {
			isa = XCSwiftPackageProductDependency;
			package = BC79A56529BB5EAB00A76CC4 /* XCRemoteSwiftPackageReference "RxSwift" */;
			productName = RxCocoa;
		};
		BC79A56829BB5EAB00A76CC4 /* RxSwift */ = {
			isa = XCSwiftPackageProductDependency;
			package = BC79A56529BB5EAB00A76CC4 /* XCRemoteSwiftPackageReference "RxSwift" */;
			productName = RxSwift;
		};
/* End XCSwiftPackageProductDependency section */

/* Begin XCVersionGroup section */
		BC89442C29BB1F6400468B97 /* pinflix.xcdatamodeld */ = {
			isa = XCVersionGroup;
			children = (
				BC89442D29BB1F6400468B97 /* pinflix.xcdatamodel */,
			);
			currentVersion = BC89442D29BB1F6400468B97 /* pinflix.xcdatamodel */;
			path = pinflix.xcdatamodeld;
			sourceTree = "<group>";
			versionGroupType = wrapper.xcdatamodel;
		};
/* End XCVersionGroup section */
	};
	rootObject = BC89441829BB1F6400468B97 /* Project object */;
}
